
Microsoft Visual Studio Solution File, Format Version 12.00
# Visual Studio Version 16
VisualStudioVersion = 16.0.29201.188
MinimumVisualStudioVersion = 10.0.40219.1
Project("{FAE04EC0-301F-11D3-BF4B-00C04F79EFBC}") = "lab evolution 1", "lab evolution 1\lab evolution 1.csproj", "{45D31F51-0675-40F8-92B6-10B9D6A3EEDF}"
EndProject
Global
	GlobalSection(SolutionConfigurationPlatforms) = preSolution
		Debug|Any CPU = Debug|Any CPU
		Release|Any CPU = Release|Any CPU
	EndGlobalSection
	GlobalSection(ProjectConfigurationPlatforms) = postSolution
		{45D31F51-0675-40F8-92B6-10B9D6A3EEDF}.Debug|Any CPU.ActiveCfg = Debug|Any CPU
		{45D31F51-0675-40F8-92B6-10B9D6A3EEDF}.Debug|Any CPU.Build.0 = Debug|Any CPU
		{45D31F51-0675-40F8-92B6-10B9D6A3EEDF}.Release|Any CPU.ActiveCfg = Release|Any CPU
		{45D31F51-0675-40F8-92B6-10B9D6A3EEDF}.Release|Any CPU.Build.0 = Release|Any CPU
	EndGlobalSection
	GlobalSection(SolutionProperties) = preSolution
		HideSolutionNode = FALSE
	EndGlobalSection
	GlobalSection(ExtensibilityGlobals) = postSolution
		SolutionGuid = {E307175F-6961-490E-BE50-DC3677E6FA39}
	EndGlobalSection
EndGlobal
